
Microsoft Visual Studio Solution File, Format Version 12.00
# Visual Studio Version 17
VisualStudioVersion = 17.4.33213.308
MinimumVisualStudioVersion = 10.0.40219.1
Project("{FAE04EC0-301F-11D3-BF4B-00C04F79EFBC}") = "UmlDiagramMix", "UmlDiagramMix\UmlDiagramMix.csproj", "{5CBDCE6C-A6A5-458D-B335-6D7557523015}"
EndProject
Global
	GlobalSection(SolutionConfigurationPlatforms) = preSolution
		Debug|Any CPU = Debug|Any CPU
		Release|Any CPU = Release|Any CPU
	EndGlobalSection
	GlobalSection(ProjectConfigurationPlatforms) = postSolution
		{5CBDCE6C-A6A5-458D-B335-6D7557523015}.Debug|Any CPU.ActiveCfg = Debug|Any CPU
		{5CBDCE6C-A6A5-458D-B335-6D7557523015}.Debug|Any CPU.Build.0 = Debug|Any CPU
		{5CBDCE6C-A6A5-458D-B335-6D7557523015}.Release|Any CPU.ActiveCfg = Release|Any CPU
		{5CBDCE6C-A6A5-458D-B335-6D7557523015}.Release|Any CPU.Build.0 = Release|Any CPU
	EndGlobalSection
	GlobalSection(SolutionProperties) = preSolution
		HideSolutionNode = FALSE
	EndGlobalSection
	GlobalSection(ExtensibilityGlobals) = postSolution
		SolutionGuid = {EF18397F-212C-409E-90C7-B00397C362C9}
	EndGlobalSection
EndGlobal
